
Microsoft Visual Studio Solution File, Format Version 12.00
# Visual Studio Version 16
VisualStudioVersion = 16.0.29911.84
MinimumVisualStudioVersion = 10.0.40219.1
Project("{FAE04EC0-301F-11D3-BF4B-00C04F79EFBC}") = "Students", "Students\Students.csproj", "{368E4AFC-F4C2-461F-A447-0F24EB3819D7}"
EndProject
Global
	GlobalSection(SolutionConfigurationPlatforms) = preSolution
		Debug|Any CPU = Debug|Any CPU
		Release|Any CPU = Release|Any CPU
	EndGlobalSection
	GlobalSection(ProjectConfigurationPlatforms) = postSolution
		{368E4AFC-F4C2-461F-A447-0F24EB3819D7}.Debug|Any CPU.ActiveCfg = Debug|Any CPU
		{368E4AFC-F4C2-461F-A447-0F24EB3819D7}.Debug|Any CPU.Build.0 = Debug|Any CPU
		{368E4AFC-F4C2-461F-A447-0F24EB3819D7}.Release|Any CPU.ActiveCfg = Release|Any CPU
		{368E4AFC-F4C2-461F-A447-0F24EB3819D7}.Release|Any CPU.Build.0 = Release|Any CPU
	EndGlobalSection
	GlobalSection(SolutionProperties) = preSolution
		HideSolutionNode = FALSE
	EndGlobalSection
	GlobalSection(ExtensibilityGlobals) = postSolution
		SolutionGuid = {3DE541C3-869F-4DFD-875E-1BE6DE82124D}
	EndGlobalSection
EndGlobal
